
Microsoft Visual Studio Solution File, Format Version 12.00
# Visual Studio 15
VisualStudioVersion = 15.0.27004.2010
MinimumVisualStudioVersion = 10.0.40219.1
Project("{FAE04EC0-301F-11D3-BF4B-00C04F79EFBC}") = "InClass_9_4", "InClass_9_4\InClass_9_4.csproj", "{CAC3E91E-8F15-49DD-83B4-30F1EC612D6A}"
EndProject
Global
	GlobalSection(SolutionConfigurationPlatforms) = preSolution
		Debug|Any CPU = Debug|Any CPU
		Release|Any CPU = Release|Any CPU
	EndGlobalSection
	GlobalSection(ProjectConfigurationPlatforms) = postSolution
		{CAC3E91E-8F15-49DD-83B4-30F1EC612D6A}.Debug|Any CPU.ActiveCfg = Debug|Any CPU
		{CAC3E91E-8F15-49DD-83B4-30F1EC612D6A}.Debug|Any CPU.Build.0 = Debug|Any CPU
		{CAC3E91E-8F15-49DD-83B4-30F1EC612D6A}.Release|Any CPU.ActiveCfg = Release|Any CPU
		{CAC3E91E-8F15-49DD-83B4-30F1EC612D6A}.Release|Any CPU.Build.0 = Release|Any CPU
	EndGlobalSection
	GlobalSection(SolutionProperties) = preSolution
		HideSolutionNode = FALSE
	EndGlobalSection
	GlobalSection(ExtensibilityGlobals) = postSolution
		SolutionGuid = {30D96C0D-D42F-41C5-A0A5-270F55C8F619}
	EndGlobalSection
EndGlobal
