
Microsoft Visual Studio Solution File, Format Version 12.00
# Visual Studio 15
VisualStudioVersion = 15.0.28010.2050
MinimumVisualStudioVersion = 10.0.40219.1
Project("{FAE04EC0-301F-11D3-BF4B-00C04F79EFBC}") = "Pokemon", "Pokemon\Pokemon.csproj", "{07FB173A-B4D1-43CD-BC17-2AA4E4C477B9}"
EndProject
Global
	GlobalSection(SolutionConfigurationPlatforms) = preSolution
		Debug|Any CPU = Debug|Any CPU
		Release|Any CPU = Release|Any CPU
	EndGlobalSection
	GlobalSection(ProjectConfigurationPlatforms) = postSolution
		{07FB173A-B4D1-43CD-BC17-2AA4E4C477B9}.Debug|Any CPU.ActiveCfg = Debug|Any CPU
		{07FB173A-B4D1-43CD-BC17-2AA4E4C477B9}.Debug|Any CPU.Build.0 = Debug|Any CPU
		{07FB173A-B4D1-43CD-BC17-2AA4E4C477B9}.Release|Any CPU.ActiveCfg = Release|Any CPU
		{07FB173A-B4D1-43CD-BC17-2AA4E4C477B9}.Release|Any CPU.Build.0 = Release|Any CPU
	EndGlobalSection
	GlobalSection(SolutionProperties) = preSolution
		HideSolutionNode = FALSE
	EndGlobalSection
	GlobalSection(ExtensibilityGlobals) = postSolution
		SolutionGuid = {93068C22-69E8-4CB2-B79E-92F4AF17E117}
	EndGlobalSection
EndGlobal
